
Microsoft Visual Studio Solution File, Format Version 12.00
# Visual Studio Version 16
VisualStudioVersion = 16.0.30611.23
MinimumVisualStudioVersion = 10.0.40219.1
Project("{FAE04EC0-301F-11D3-BF4B-00C04F79EFBC}") = "CentralController", "CentralController\CentralController.csproj", "{42F63586-955B-4C4F-9689-D61429CFB5DB}"
EndProject
Global
	GlobalSection(SolutionConfigurationPlatforms) = preSolution
		Debug|Any CPU = Debug|Any CPU
		Release|Any CPU = Release|Any CPU
	EndGlobalSection
	GlobalSection(ProjectConfigurationPlatforms) = postSolution
		{42F63586-955B-4C4F-9689-D61429CFB5DB}.Debug|Any CPU.ActiveCfg = Debug|Any CPU
		{42F63586-955B-4C4F-9689-D61429CFB5DB}.Debug|Any CPU.Build.0 = Debug|Any CPU
		{42F63586-955B-4C4F-9689-D61429CFB5DB}.Release|Any CPU.ActiveCfg = Release|Any CPU
		{42F63586-955B-4C4F-9689-D61429CFB5DB}.Release|Any CPU.Build.0 = Release|Any CPU
	EndGlobalSection
	GlobalSection(SolutionProperties) = preSolution
		HideSolutionNode = FALSE
	EndGlobalSection
	GlobalSection(ExtensibilityGlobals) = postSolution
		SolutionGuid = {EC453D8C-9D09-41D9-A02B-5DFB4735A29A}
	EndGlobalSection
EndGlobal
